
Microsoft Visual Studio Solution File, Format Version 12.00
# Visual Studio Version 17
VisualStudioVersion = 17.6.33829.357
MinimumVisualStudioVersion = 10.0.40219.1
Project("{FAE04EC0-301F-11D3-BF4B-00C04F79EFBC}") = "GreetingApp", "GreetingApp\GreetingApp.csproj", "{AA1CCCE2-9C22-453E-B167-22A4D3220E74}"
EndProject
Global
	GlobalSection(SolutionConfigurationPlatforms) = preSolution
		Debug|Any CPU = Debug|Any CPU
		Release|Any CPU = Release|Any CPU
	EndGlobalSection
	GlobalSection(ProjectConfigurationPlatforms) = postSolution
		{AA1CCCE2-9C22-453E-B167-22A4D3220E74}.Debug|Any CPU.ActiveCfg = Debug|Any CPU
		{AA1CCCE2-9C22-453E-B167-22A4D3220E74}.Debug|Any CPU.Build.0 = Debug|Any CPU
		{AA1CCCE2-9C22-453E-B167-22A4D3220E74}.Release|Any CPU.ActiveCfg = Release|Any CPU
		{AA1CCCE2-9C22-453E-B167-22A4D3220E74}.Release|Any CPU.Build.0 = Release|Any CPU
	EndGlobalSection
	GlobalSection(SolutionProperties) = preSolution
		HideSolutionNode = FALSE
	EndGlobalSection
	GlobalSection(ExtensibilityGlobals) = postSolution
		SolutionGuid = {B8CA7554-F1D3-4298-9394-AFCDEA49732D}
	EndGlobalSection
EndGlobal
